Microsoft Visual Studio Solution File, Format Version 11.00
# Visual Studio 2008

Project("{4FE5F6FA-0FD0-FDB6-DCD9-1A2877882AA7}") = "Lode", "Assembly-CSharp.csproj", "{9527DBF2-B147-AC2C-E26B-0A2F7F0D7D00}"
EndProject
Project("{4FE5F6FA-0FD0-FDB6-DCD9-1A2877882AA7}") = "Lode", "Assembly-CSharp-Editor.csproj", "{D6DC30B2-B592-2C50-6DDD-71348D5DDAA0}"
EndProject
Project("{4FE5F6FA-0FD0-FDB6-DCD9-1A2877882AA7}") = "Lode", "Assembly-UnityScript.unityproj", "{D768F7B0-5079-3817-0AF9-CA2C9944829B}"
EndProject
Global
	GlobalSection(SolutionConfigurationPlatforms) = preSolution
		Debug|Any CPU = Debug|Any CPU
		Release|Any CPU = Release|Any CPU
	EndGlobalSection
	GlobalSection(ProjectConfigurationPlatforms) = postSolution
		{9527DBF2-B147-AC2C-E26B-0A2F7F0D7D00}.Debug|Any CPU.ActiveCfg = Debug|Any CPU
		{9527DBF2-B147-AC2C-E26B-0A2F7F0D7D00}.Debug|Any CPU.Build.0 = Debug|Any CPU
		{9527DBF2-B147-AC2C-E26B-0A2F7F0D7D00}.Release|Any CPU.ActiveCfg = Release|Any CPU
		{9527DBF2-B147-AC2C-E26B-0A2F7F0D7D00}.Release|Any CPU.Build.0 = Release|Any CPU
		{D6DC30B2-B592-2C50-6DDD-71348D5DDAA0}.Debug|Any CPU.ActiveCfg = Debug|Any CPU
		{D6DC30B2-B592-2C50-6DDD-71348D5DDAA0}.Debug|Any CPU.Build.0 = Debug|Any CPU
		{D6DC30B2-B592-2C50-6DDD-71348D5DDAA0}.Release|Any CPU.ActiveCfg = Release|Any CPU
		{D6DC30B2-B592-2C50-6DDD-71348D5DDAA0}.Release|Any CPU.Build.0 = Release|Any CPU
		{D768F7B0-5079-3817-0AF9-CA2C9944829B}.Debug|Any CPU.ActiveCfg = Debug|Any CPU
		{D768F7B0-5079-3817-0AF9-CA2C9944829B}.Debug|Any CPU.Build.0 = Debug|Any CPU
		{D768F7B0-5079-3817-0AF9-CA2C9944829B}.Release|Any CPU.ActiveCfg = Release|Any CPU
		{D768F7B0-5079-3817-0AF9-CA2C9944829B}.Release|Any CPU.Build.0 = Release|Any CPU
	EndGlobalSection
	GlobalSection(SolutionProperties) = preSolution
		HideSolutionNode = FALSE
	EndGlobalSection
	GlobalSection(MonoDevelopProperties) = preSolution
		StartupItem = Assembly-CSharp.csproj
		Policies = $0
		$0.TextStylePolicy = $1
		$1.inheritsSet = null
		$1.scope = text/x-csharp
		$0.CSharpFormattingPolicy = $2
		$2.inheritsSet = Mono
		$2.inheritsScope = text/x-csharp
		$2.scope = text/x-csharp
		$0.TextStylePolicy = $3
		$3.FileWidth = 120
		$3.TabWidth = 4
		$3.EolMarker = Unix
		$3.inheritsSet = Mono
		$3.inheritsScope = text/plain
		$3.scope = text/plain
	EndGlobalSection
EndGlobal
